Microsoft Visual Studio Solution File, Format Version 12.00
# Visual Studio Version 17
VisualStudioVersion = 17.5.2.0
MinimumVisualStudioVersion = 10.0.40219.1
Project("{2150E333-8FDC-42A3-9474-1A3956D46DE8}") = "ADHOC-Management-System", "ADHOC-Management-System", "{E91226F6-22FE-0EA0-325E-7647E3EBC523}"
EndProject
Project("{FAE04EC0-301F-11D3-BF4B-00C04F79EFBC}") = "ATMS.API", "ADHOC-Management-System\ATMS.API\ATMS.API.csproj", "{C233DF71-5B84-95CF-BEAD-87CF68D29666}"
EndProject
Global
	GlobalSection(SolutionConfigurationPlatforms) = preSolution
		Debug|Any CPU = Debug|Any CPU
		Release|Any CPU = Release|Any CPU
	EndGlobalSection
	GlobalSection(ProjectConfigurationPlatforms) = postSolution
		{C233DF71-5B84-95CF-BEAD-87CF68D29666}.Debug|Any CPU.ActiveCfg = Debug|Any CPU
		{C233DF71-5B84-95CF-BEAD-87CF68D29666}.Debug|Any CPU.Build.0 = Debug|Any CPU
		{C233DF71-5B84-95CF-BEAD-87CF68D29666}.Release|Any CPU.ActiveCfg = Release|Any CPU
		{C233DF71-5B84-95CF-BEAD-87CF68D29666}.Release|Any CPU.Build.0 = Release|Any CPU
	EndGlobalSection
	GlobalSection(SolutionProperties) = preSolution
		HideSolutionNode = FALSE
	EndGlobalSection
	GlobalSection(NestedProjects) = preSolution
		{C233DF71-5B84-95CF-BEAD-87CF68D29666} = {E91226F6-22FE-0EA0-325E-7647E3EBC523}
	EndGlobalSection
	GlobalSection(ExtensibilityGlobals) = postSolution
		SolutionGuid = {9B0818BB-E9BE-4D98-AAA0-1128E36194C4}
	EndGlobalSection
EndGlobal
